{
  "name": "game",
  "version": "1.0.0",
  "lockfileVersion": 3,
  "requires": true,
  "packages": {
    "": {
      "name": "game",
      "version": "1.0.0",
      "license": "ISC",
      "dependencies": {
        "@types/blessed": "^0.1.25",
        "blessed": "^0.1.81",
        "readline-sync": "^1.4.10"
      },
      "devDependencies": {
        "@types/node": "^20.9.0",
        "@types/readline-sync": "^1.4.7"
      }
    },
    "node_modules/@types/blessed": {
      "version": "0.1.25",
      "resolved": "https://registry.npmjs.org/@types/blessed/-/blessed-0.1.25.tgz",
      "integrity": "sha512-kQsjBgtsbJLmG6CJA+Z6Nujj+tq1fcSE3UIowbDvzQI4wWmoTV7djUDhSo5lDjgwpIN0oRvks0SA5mMdKE5eFg==",
      "dependencies": {
        "@types/node": "*"
      }
    },
    "node_modules/@types/node": {
      "version": "20.9.0",
      "resolved": "https://registry.npmjs.org/@types/node/-/node-20.9.0.tgz",
      "integrity": "sha512-nekiGu2NDb1BcVofVcEKMIwzlx4NjHlcjhoxxKBNLtz15Y1z7MYf549DFvkHSId02Ax6kGwWntIBPC3l/JZcmw==",
      "dependencies": {
        "undici-types": "~5.26.4"
      }
    },
    "node_modules/@types/readline-sync": {
      "version": "1.4.7",
      "resolved": "https://registry.npmjs.org/@types/readline-sync/-/readline-sync-1.4.7.tgz",
      "integrity": "sha512-tPPerBmYwWX66KcZFYPjCuJfF8ykGD0GtPx6r33KYm0v4g4x68VK33/v4kLEoDwnnkYwcY2s9oYgMfTKMr3krg==",
      "dev": true
    },
    "node_modules/blessed": {
      "version": "0.1.81",
      "resolved": "https://registry.npmjs.org/blessed/-/blessed-0.1.81.tgz",
      "integrity": "sha512-LoF5gae+hlmfORcG1M5+5XZi4LBmvlXTzwJWzUlPryN/SJdSflZvROM2TwkT0GMpq7oqT48NRd4GS7BiVBc5OQ==",
      "bin": {
        "blessed": "bin/tput.js"
      },
      "engines": {
        "node": ">= 0.8.0"
      }
    },
    "node_modules/readline-sync": {
      "version": "1.4.10",
      "resolved": "https://registry.npmjs.org/readline-sync/-/readline-sync-1.4.10.tgz",
      "integrity": "sha512-gNva8/6UAe8QYepIQH/jQ2qn91Qj0B9sYjMBBs3QOB8F2CXcKgLxQaJRP76sWVRQt+QU+8fAkCbCvjjMFu7Ycw==",
      "engines": {
        "node": ">= 0.8.0"
      }
    },
    "node_modules/undici-types": {
      "version": "5.26.5",
      "resolved": "https://registry.npmjs.org/undici-types/-/undici-types-5.26.5.tgz",
      "integrity": "sha512-JlCMO+ehdEIKqlFxk6IfVoAUVmgz7cU7zD/h9XZ0qzeosSHmUJVOzSQvvYSYWXkFXC+IfLKSIffhv0sVZup6pA=="
    }
  }
}
